// !$*UTF8*$!
{
	archiveVersion = 1;
	classes = {
	};
	objectVersion = 55;
	objects = {

/* Begin PBXBuildFile section */
		57787CFCDD0E57595E470C54 /* Pods_WeatherAssignment.framework in Frameworks */ = {isa = PBXBuildFile; fileRef = 84266486C6AF71D71E516DF1 /* Pods_WeatherAssignment.framework */; };
		8426A3FD397945BD5E54ACE8 /* Pods_WeatherAssignment_WeatherAssignmentUITests.framework in Frameworks */ = {isa = PBXBuildFile; fileRef = 285511319E9C890E9F48505B /* Pods_WeatherAssignment_WeatherAssignmentUITests.framework */; };
		9F6A61FA88C1222FC262FC5A /* Pods_WeatherAssignmentTests.framework in Frameworks */ = {isa = PBXBuildFile; fileRef = 4A5EBD780C643891697268ED /* Pods_WeatherAssignmentTests.framework */; };
		DC02004B27D4A9CE0010987D /* AppDelegate.swift in Sources */ = {isa = PBXBuildFile; fileRef = DC02004A27D4A9CE0010987D /* AppDelegate.swift */; };
		DC02004D27D4A9CE0010987D /* SceneDelegate.swift in Sources */ = {isa = PBXBuildFile; fileRef = DC02004C27D4A9CE0010987D /* SceneDelegate.swift */; };
		DC02005227D4A9CE0010987D /* Main.storyboard in Resources */ = {isa = PBXBuildFile; fileRef = DC02005027D4A9CE0010987D /* Main.storyboard */; };
		DC02005427D4A9D20010987D /* Assets.xcassets in Resources */ = {isa = PBXBuildFile; fileRef = DC02005327D4A9D20010987D /* Assets.xcassets */; };
		DC02005727D4A9D20010987D /* LaunchScreen.storyboard in Resources */ = {isa = PBXBuildFile; fileRef = DC02005527D4A9D20010987D /* LaunchScreen.storyboard */; };
		DC02006227D4A9D30010987D /* WeatherAssignmentTests.swift in Sources */ = {isa = PBXBuildFile; fileRef = DC02006127D4A9D30010987D /* WeatherAssignmentTests.swift */; };
		DC02006C27D4A9D30010987D /* WeatherAssignmentUITests.swift in Sources */ = {isa = PBXBuildFile; fileRef = DC02006B27D4A9D30010987D /* WeatherAssignmentUITests.swift */; };
		DC02006E27D4A9D30010987D /* WeatherAssignmentUITestsLaunchTests.swift in Sources */ = {isa = PBXBuildFile; fileRef = DC02006D27D4A9D30010987D /* WeatherAssignmentUITestsLaunchTests.swift */; };
		DC02007F27D4AD340010987D /* SearchViewController.swift in Sources */ = {isa = PBXBuildFile; fileRef = DC02007E27D4AD340010987D /* SearchViewController.swift */; };
		DC02008127D4AD5A0010987D /* FavouritesViewController.swift in Sources */ = {isa = PBXBuildFile; fileRef = DC02008027D4AD5A0010987D /* FavouritesViewController.swift */; };
		DC02008427D4B90F0010987D /* API.swift in Sources */ = {isa = PBXBuildFile; fileRef = DC02008227D4B90E0010987D /* API.swift */; };
		DC02008527D4B90F0010987D /* api-keys.plist in Resources */ = {isa = PBXBuildFile; fileRef = DC02008327D4B90F0010987D /* api-keys.plist */; };
		DC02008B27D4BA9B0010987D /* Weather.swift in Sources */ = {isa = PBXBuildFile; fileRef = DC02008A27D4BA9B0010987D /* Weather.swift */; };
		DC02008D27D4C5390010987D /* CurrentWeatherListViewController.swift in Sources */ = {isa = PBXBuildFile; fileRef = DC02008C27D4C5390010987D /* CurrentWeatherListViewController.swift */; };
		DC9D5D6927D4DFC50045D2D8 /* ListTableViewCell.swift in Sources */ = {isa = PBXBuildFile; fileRef = DC9D5D6727D4DFC50045D2D8 /* ListTableViewCell.swift */; };
		DC9D5D6A27D4DFC50045D2D8 /* ListTableViewCell.xib in Resources */ = {isa = PBXBuildFile; fileRef = DC9D5D6827D4DFC50045D2D8 /* ListTableViewCell.xib */; };
		DC9D5D7027D55AB60045D2D8 /* WeatherDetailViewController.swift in Sources */ = {isa = PBXBuildFile; fileRef = DC9D5D6F27D55AB60045D2D8 /* WeatherDetailViewController.swift */; };
/* End PBXBuildFile section */

/* Begin PBXContainerItemProxy section */
		DC02005E27D4A9D30010987D /* PBXContainerItemProxy */ = {
			isa = PBXContainerItemProxy;
			containerPortal = DC02003F27D4A9CE0010987D /* Project object */;
			proxyType = 1;
			remoteGlobalIDString = DC02004627D4A9CE0010987D;
			remoteInfo = WeatherAssignment;
		};
		DC02006827D4A9D30010987D /* PBXContainerItemProxy */ = {
			isa = PBXContainerItemProxy;
			containerPortal = DC02003F27D4A9CE0010987D /* Project object */;
			proxyType = 1;
			remoteGlobalIDString = DC02004627D4A9CE0010987D;
			remoteInfo = WeatherAssignment;
		};
/* End PBXContainerItemProxy section */

/* Begin PBXFileReference section */
		285511319E9C890E9F48505B /* Pods_WeatherAssignment_WeatherAssignmentUITests.framework */ = {isa = PBXFileReference; explicitFileType = wrapper.framework; includeInIndex = 0; path = Pods_WeatherAssignment_WeatherAssignmentUITests.framework; sourceTree = BUILT_PRODUCTS_DIR; };
		3A985FDD9302BCAE5AA490AD /* Pods-WeatherAssignmentTests.release.xcconfig */ = {isa = PBXFileReference; includeInIndex = 1; lastKnownFileType = text.xcconfig; name = "Pods-WeatherAssignmentTests.release.xcconfig"; path = "Target Support Files/Pods-WeatherAssignmentTests/Pods-WeatherAssignmentTests.release.xcconfig"; sourceTree = "<group>"; };
		4A5EBD780C643891697268ED /* Pods_WeatherAssignmentTests.framework */ = {isa = PBXFileReference; explicitFileType = wrapper.framework; includeInIndex = 0; path = Pods_WeatherAssignmentTests.framework; sourceTree = BUILT_PRODUCTS_DIR; };
		534CC165414626DAFBBCC5D1 /* Pods-WeatherAssignment-WeatherAssignmentUITests.release.xcconfig */ = {isa = PBXFileReference; includeInIndex = 1; lastKnownFileType = text.xcconfig; name = "Pods-WeatherAssignment-WeatherAssignmentUITests.release.xcconfig"; path = "Target Support Files/Pods-WeatherAssignment-WeatherAssignmentUITests/Pods-WeatherAssignment-WeatherAssignmentUITests.release.xcconfig"; sourceTree = "<group>"; };
		56ADE7484EB1BF3508867B61 /* Pods-WeatherAssignment.release.xcconfig */ = {isa = PBXFileReference; includeInIndex = 1; lastKnownFileType = text.xcconfig; name = "Pods-WeatherAssignment.release.xcconfig"; path = "Target Support Files/Pods-WeatherAssignment/Pods-WeatherAssignment.release.xcconfig"; sourceTree = "<group>"; };
		84266486C6AF71D71E516DF1 /* Pods_WeatherAssignment.framework */ = {isa = PBXFileReference; explicitFileType = wrapper.framework; includeInIndex = 0; path = Pods_WeatherAssignment.framework; sourceTree = BUILT_PRODUCTS_DIR; };
		938E6BA372B40B1502B41D88 /* Pods-WeatherAssignmentTests.debug.xcconfig */ = {isa = PBXFileReference; includeInIndex = 1; lastKnownFileType = text.xcconfig; name = "Pods-WeatherAssignmentTests.debug.xcconfig"; path = "Target Support Files/Pods-WeatherAssignmentTests/Pods-WeatherAssignmentTests.debug.xcconfig"; sourceTree = "<group>"; };
		B2D9BA32EDDEC2CD09F25BEF /* Pods-WeatherAssignment-WeatherAssignmentUITests.debug.xcconfig */ = {isa = PBXFileReference; includeInIndex = 1; lastKnownFileType = text.xcconfig; name = "Pods-WeatherAssignment-WeatherAssignmentUITests.debug.xcconfig"; path = "Target Support Files/Pods-WeatherAssignment-WeatherAssignmentUITests/Pods-WeatherAssignment-WeatherAssignmentUITests.debug.xcconfig"; sourceTree = "<group>"; };
		DC02004727D4A9CE0010987D /* WeatherAssignment.app */ = {isa = PBXFileReference; explicitFileType = wrapper.application; includeInIndex = 0; path = WeatherAssignment.app; sourceTree = BUILT_PRODUCTS_DIR; };
		DC02004A27D4A9CE0010987D /* AppDelegate.swift */ = {isa = PBXFileReference; lastKnownFileType = sourcecode.swift; path = AppDelegate.swift; sourceTree = "<group>"; };
		DC02004C27D4A9CE0010987D /* SceneDelegate.swift */ = {isa = PBXFileReference; lastKnownFileType = sourcecode.swift; path = SceneDelegate.swift; sourceTree = "<group>"; };
		DC02005127D4A9CE0010987D /* Base */ = {isa = PBXFileReference; lastKnownFileType = file.storyboard; name = Base; path = Base.lproj/Main.storyboard; sourceTree = "<group>"; };
		DC02005327D4A9D20010987D /* Assets.xcassets */ = {isa = PBXFileReference; lastKnownFileType = folder.assetcatalog; path = Assets.xcassets; sourceTree = "<group>"; };
		DC02005627D4A9D20010987D /* Base */ = {isa = PBXFileReference; lastKnownFileType = file.storyboard; name = Base; path = Base.lproj/LaunchScreen.storyboard; sourceTree = "<group>"; };
		DC02005827D4A9D20010987D /* Info.plist */ = {isa = PBXFileReference; lastKnownFileType = text.plist.xml; path = Info.plist; sourceTree = "<group>"; };
		DC02005D27D4A9D30010987D /* WeatherAssignmentTests.xctest */ = {isa = PBXFileReference; explicitFileType = wrapper.cfbundle; includeInIndex = 0; path = WeatherAssignmentTests.xctest; sourceTree = BUILT_PRODUCTS_DIR; };
		DC02006127D4A9D30010987D /* WeatherAssignmentTests.swift */ = {isa = PBXFileReference; lastKnownFileType = sourcecode.swift; path = WeatherAssignmentTests.swift; sourceTree = "<group>"; };
		DC02006727D4A9D30010987D /* WeatherAssignmentUITests.xctest */ = {isa = PBXFileReference; explicitFileType = wrapper.cfbundle; includeInIndex = 0; path = WeatherAssignmentUITests.xctest; sourceTree = BUILT_PRODUCTS_DIR; };
		DC02006B27D4A9D30010987D /* WeatherAssignmentUITests.swift */ = {isa = PBXFileReference; lastKnownFileType = sourcecode.swift; path = WeatherAssignmentUITests.swift; sourceTree = "<group>"; };
		DC02006D27D4A9D30010987D /* WeatherAssignmentUITestsLaunchTests.swift */ = {isa = PBXFileReference; lastKnownFileType = sourcecode.swift; path = WeatherAssignmentUITestsLaunchTests.swift; sourceTree = "<group>"; };
		DC02007E27D4AD340010987D /* SearchViewController.swift */ = {isa = PBXFileReference; lastKnownFileType = sourcecode.swift; path = SearchViewController.swift; sourceTree = "<group>"; };
		DC02008027D4AD5A0010987D /* FavouritesViewController.swift */ = {isa = PBXFileReference; lastKnownFileType = sourcecode.swift; path = FavouritesViewController.swift; sourceTree = "<group>"; };
		DC02008227D4B90E0010987D /* API.swift */ = {isa = PBXFileReference; fileEncoding = 4; lastKnownFileType = sourcecode.swift; path = API.swift; sourceTree = "<group>"; };
		DC02008327D4B90F0010987D /* api-keys.plist */ = {isa = PBXFileReference; fileEncoding = 4; lastKnownFileType = text.plist.xml; path = "api-keys.plist"; sourceTree = "<group>"; };
		DC02008A27D4BA9B0010987D /* Weather.swift */ = {isa = PBXFileReference; fileEncoding = 4; lastKnownFileType = sourcecode.swift; path = Weather.swift; sourceTree = "<group>"; };
		DC02008C27D4C5390010987D /* CurrentWeatherListViewController.swift */ = {isa = PBXFileReference; lastKnownFileType = sourcecode.swift; path = CurrentWeatherListViewController.swift; sourceTree = "<group>"; };
		DC9D5D6727D4DFC50045D2D8 /* ListTableViewCell.swift */ = {isa = PBXFileReference; lastKnownFileType = sourcecode.swift; path = ListTableViewCell.swift; sourceTree = "<group>"; };
		DC9D5D6827D4DFC50045D2D8 /* ListTableViewCell.xib */ = {isa = PBXFileReference; lastKnownFileType = file.xib; path = ListTableViewCell.xib; sourceTree = "<group>"; };
		DC9D5D6F27D55AB60045D2D8 /* WeatherDetailViewController.swift */ = {isa = PBXFileReference; lastKnownFileType = sourcecode.swift; path = WeatherDetailViewController.swift; sourceTree = "<group>"; };
		FA8BBF1773B3ECF54722FD7D /* Pods-WeatherAssignment.debug.xcconfig */ = {isa = PBXFileReference; includeInIndex = 1; lastKnownFileType = text.xcconfig; name = "Pods-WeatherAssignment.debug.xcconfig"; path = "Target Support Files/Pods-WeatherAssignment/Pods-WeatherAssignment.debug.xcconfig"; sourceTree = "<group>"; };
/* End PBXFileReference section */

/* Begin PBXFrameworksBuildPhase section */
		DC02004427D4A9CE0010987D /* Frameworks */ = {
			isa = PBXFrameworksBuildPhase;
			buildActionMask = 2147483647;
			files = (
				57787CFCDD0E57595E470C54 /* Pods_WeatherAssignment.framework in Frameworks */,
			);
			runOnlyForDeploymentPostprocessing = 0;
		};
		DC02005A27D4A9D30010987D /* Frameworks */ = {
			isa = PBXFrameworksBuildPhase;
			buildActionMask = 2147483647;
			files = (
				9F6A61FA88C1222FC262FC5A /* Pods_WeatherAssignmentTests.framework in Frameworks */,
			);
			runOnlyForDeploymentPostprocessing = 0;
		};
		DC02006427D4A9D30010987D /* Frameworks */ = {
			isa = PBXFrameworksBuildPhase;
			buildActionMask = 2147483647;
			files = (
				8426A3FD397945BD5E54ACE8 /* Pods_WeatherAssignment_WeatherAssignmentUITests.framework in Frameworks */,
			);
			runOnlyForDeploymentPostprocessing = 0;
		};
/* End PBXFrameworksBuildPhase section */

/* Begin PBXGroup section */
		5F8B913DF59750BD66C364E7 /* Pods */ = {
			isa = PBXGroup;
			children = (
				FA8BBF1773B3ECF54722FD7D /* Pods-WeatherAssignment.debug.xcconfig */,
				56ADE7484EB1BF3508867B61 /* Pods-WeatherAssignment.release.xcconfig */,
				B2D9BA32EDDEC2CD09F25BEF /* Pods-WeatherAssignment-WeatherAssignmentUITests.debug.xcconfig */,
				534CC165414626DAFBBCC5D1 /* Pods-WeatherAssignment-WeatherAssignmentUITests.release.xcconfig */,
				938E6BA372B40B1502B41D88 /* Pods-WeatherAssignmentTests.debug.xcconfig */,
				3A985FDD9302BCAE5AA490AD /* Pods-WeatherAssignmentTests.release.xcconfig */,
			);
			path = Pods;
			sourceTree = "<group>";
		};
		DC02003E27D4A9CE0010987D = {
			isa = PBXGroup;
			children = (
				DC02004927D4A9CE0010987D /* WeatherAssignment */,
				DC02006027D4A9D30010987D /* WeatherAssignmentTests */,
				DC02006A27D4A9D30010987D /* WeatherAssignmentUITests */,
				DC02004827D4A9CE0010987D /* Products */,
				5F8B913DF59750BD66C364E7 /* Pods */,
				F2D54DDC5861DF78BE68B887 /* Frameworks */,
			);
			sourceTree = "<group>";
		};
		DC02004827D4A9CE0010987D /* Products */ = {
			isa = PBXGroup;
			children = (
				DC02004727D4A9CE0010987D /* WeatherAssignment.app */,
				DC02005D27D4A9D30010987D /* WeatherAssignmentTests.xctest */,
				DC02006727D4A9D30010987D /* WeatherAssignmentUITests.xctest */,
			);
			name = Products;
			sourceTree = "<group>";
		};
		DC02004927D4A9CE0010987D /* WeatherAssignment */ = {
			isa = PBXGroup;
			children = (
				DC02007D27D4AA290010987D /* ViewControllers */,
				DC02007C27D4AA160010987D /* API */,
				DC02007B27D4AA0C0010987D /* Models */,
				DC02007A27D4A9F00010987D /* View */,
				DC02004A27D4A9CE0010987D /* AppDelegate.swift */,
				DC02004C27D4A9CE0010987D /* SceneDelegate.swift */,
				DC02005327D4A9D20010987D /* Assets.xcassets */,
				DC02005527D4A9D20010987D /* LaunchScreen.storyboard */,
				DC02005827D4A9D20010987D /* Info.plist */,
				DC9D5D6727D4DFC50045D2D8 /* ListTableViewCell.swift */,
				DC9D5D6827D4DFC50045D2D8 /* ListTableViewCell.xib */,
			);
			path = WeatherAssignment;
			sourceTree = "<group>";
		};
		DC02006027D4A9D30010987D /* WeatherAssignmentTests */ = {
			isa = PBXGroup;
			children = (
				DC02006127D4A9D30010987D /* WeatherAssignmentTests.swift */,
			);
			path = WeatherAssignmentTests;
			sourceTree = "<group>";
		};
		DC02006A27D4A9D30010987D /* WeatherAssignmentUITests */ = {
			isa = PBXGroup;
			children = (
				DC02006B27D4A9D30010987D /* WeatherAssignmentUITests.swift */,
				DC02006D27D4A9D30010987D /* WeatherAssignmentUITestsLaunchTests.swift */,
			);
			path = WeatherAssignmentUITests;
			sourceTree = "<group>";
		};
		DC02007A27D4A9F00010987D /* View */ = {
			isa = PBXGroup;
			children = (
				DC02005027D4A9CE0010987D /* Main.storyboard */,
			);
			path = View;
			sourceTree = "<group>";
		};
		DC02007B27D4AA0C0010987D /* Models */ = {
			isa = PBXGroup;
			children = (
				DC02008A27D4BA9B0010987D /* Weather.swift */,
			);
			path = Models;
			sourceTree = "<group>";
		};
		DC02007C27D4AA160010987D /* API */ = {
			isa = PBXGroup;
			children = (
				DC02008327D4B90F0010987D /* api-keys.plist */,
				DC02008227D4B90E0010987D /* API.swift */,
			);
			path = API;
			sourceTree = "<group>";
		};
		DC02007D27D4AA290010987D /* ViewControllers */ = {
			isa = PBXGroup;
			children = (
				DC02007E27D4AD340010987D /* SearchViewController.swift */,
				DC02008027D4AD5A0010987D /* FavouritesViewController.swift */,
				DC02008C27D4C5390010987D /* CurrentWeatherListViewController.swift */,
				DC9D5D6F27D55AB60045D2D8 /* WeatherDetailViewController.swift */,
			);
			path = ViewControllers;
			sourceTree = "<group>";
		};
		F2D54DDC5861DF78BE68B887 /* Frameworks */ = {
			isa = PBXGroup;
			children = (
				84266486C6AF71D71E516DF1 /* Pods_WeatherAssignment.framework */,
				285511319E9C890E9F48505B /* Pods_WeatherAssignment_WeatherAssignmentUITests.framework */,
				4A5EBD780C643891697268ED /* Pods_WeatherAssignmentTests.framework */,
			);
			name = Frameworks;
			sourceTree = "<group>";
		};
/* End PBXGroup section */

/* Begin PBXNativeTarget section */
		DC02004627D4A9CE0010987D /* WeatherAssignment */ = {
			isa = PBXNativeTarget;
			buildConfigurationList = DC02007127D4A9D30010987D /* Build configuration list for PBXNativeTarget "WeatherAssignment" */;
			buildPhases = (
				CDBA27619CCBFD0CBF13815D /* [CP] Check Pods Manifest.lock */,
				DC02004327D4A9CE0010987D /* Sources */,
				DC02004427D4A9CE0010987D /* Frameworks */,
				DC02004527D4A9CE0010987D /* Resources */,
				B443C96E38B4F94275EAD1D1 /* [CP] Copy Pods Resources */,
			);
			buildRules = (
			);
			dependencies = (
			);
			name = WeatherAssignment;
			productName = WeatherAssignment;
			productReference = DC02004727D4A9CE0010987D /* WeatherAssignment.app */;
			productType = "com.apple.product-type.application";
		};
		DC02005C27D4A9D30010987D /* WeatherAssignmentTests */ = {
			isa = PBXNativeTarget;
			buildConfigurationList = DC02007427D4A9D30010987D /* Build configuration list for PBXNativeTarget "WeatherAssignmentTests" */;
			buildPhases = (
				DC5FE3053ADEB23338472AE7 /* [CP] Check Pods Manifest.lock */,
				DC02005927D4A9D30010987D /* Sources */,
				DC02005A27D4A9D30010987D /* Frameworks */,
				DC02005B27D4A9D30010987D /* Resources */,
			);
			buildRules = (
			);
			dependencies = (
				DC02005F27D4A9D30010987D /* PBXTargetDependency */,
			);
			name = WeatherAssignmentTests;
			productName = WeatherAssignmentTests;
			productReference = DC02005D27D4A9D30010987D /* WeatherAssignmentTests.xctest */;
			productType = "com.apple.product-type.bundle.unit-test";
		};
		DC02006627D4A9D30010987D /* WeatherAssignmentUITests */ = {
			isa = PBXNativeTarget;
			buildConfigurationList = DC02007727D4A9D30010987D /* Build configuration list for PBXNativeTarget "WeatherAssignmentUITests" */;
			buildPhases = (
				F2FF1E93240AFFF54A344C11 /* [CP] Check Pods Manifest.lock */,
				DC02006327D4A9D30010987D /* Sources */,
				DC02006427D4A9D30010987D /* Frameworks */,
				DC02006527D4A9D30010987D /* Resources */,
				BC5E5E44939A745136B3AD6E /* [CP] Copy Pods Resources */,
			);
			buildRules = (
			);
			dependencies = (
				DC02006927D4A9D30010987D /* PBXTargetDependency */,
			);
			name = WeatherAssignmentUITests;
			productName = WeatherAssignmentUITests;
			productReference = DC02006727D4A9D30010987D /* WeatherAssignmentUITests.xctest */;
			productType = "com.apple.product-type.bundle.ui-testing";
		};
/* End PBXNativeTarget section */

/* Begin PBXProject section */
		DC02003F27D4A9CE0010987D /* Project object */ = {
			isa = PBXProject;
			attributes = {
				BuildIndependentTargetsInParallel = 1;
				LastSwiftUpdateCheck = 1320;
				LastUpgradeCheck = 1320;
				TargetAttributes = {
					DC02004627D4A9CE0010987D = {
						CreatedOnToolsVersion = 13.2.1;
					};
					DC02005C27D4A9D30010987D = {
						CreatedOnToolsVersion = 13.2.1;
						TestTargetID = DC02004627D4A9CE0010987D;
					};
					DC02006627D4A9D30010987D = {
						CreatedOnToolsVersion = 13.2.1;
						TestTargetID = DC02004627D4A9CE0010987D;
					};
				};
			};
			buildConfigurationList = DC02004227D4A9CE0010987D /* Build configuration list for PBXProject "WeatherAssignment" */;
			compatibilityVersion = "Xcode 13.0";
			developmentRegion = en;
			hasScannedForEncodings = 0;
			knownRegions = (
				en,
				Base,
			);
			mainGroup = DC02003E27D4A9CE0010987D;
			productRefGroup = DC02004827D4A9CE0010987D /* Products */;
			projectDirPath = "";
			projectRoot = "";
			targets = (
				DC02004627D4A9CE0010987D /* WeatherAssignment */,
				DC02005C27D4A9D30010987D /* WeatherAssignmentTests */,
				DC02006627D4A9D30010987D /* WeatherAssignmentUITests */,
			);
		};
/* End PBXProject section */

/* Begin PBXResourcesBuildPhase section */
		DC02004527D4A9CE0010987D /* Resources */ = {
			isa = PBXResourcesBuildPhase;
			buildActionMask = 2147483647;
			files = (
				DC02005727D4A9D20010987D /* LaunchScreen.storyboard in Resources */,
				DC02005427D4A9D20010987D /* Assets.xcassets in Resources */,
				DC02005227D4A9CE0010987D /* Main.storyboard in Resources */,
				DC02008527D4B90F0010987D /* api-keys.plist in Resources */,
				DC9D5D6A27D4DFC50045D2D8 /* ListTableViewCell.xib in Resources */,
			);
			runOnlyForDeploymentPostprocessing = 0;
		};
		DC02005B27D4A9D30010987D /* Resources */ = {
			isa = PBXResourcesBuildPhase;
			buildActionMask = 2147483647;
			files = (
			);
			runOnlyForDeploymentPostprocessing = 0;
		};
		DC02006527D4A9D30010987D /* Resources */ = {
			isa = PBXResourcesBuildPhase;
			buildActionMask = 2147483647;
			files = (
			);
			runOnlyForDeploymentPostprocessing = 0;
		};
/* End PBXResourcesBuildPhase section */

/* Begin PBXShellScriptBuildPhase section */
		B443C96E38B4F94275EAD1D1 /* [CP] Copy Pods Resources */ = {
			isa = PBXShellScriptBuildPhase;
			buildActionMask = 2147483647;
			files = (
			);
			inputFileListPaths = (
				"${PODS_ROOT}/Target Support Files/Pods-WeatherAssignment/Pods-WeatherAssignment-resources-${CONFIGURATION}-input-files.xcfilelist",
			);
			name = "[CP] Copy Pods Resources";
			outputFileListPaths = (
				"${PODS_ROOT}/Target Support Files/Pods-WeatherAssignment/Pods-WeatherAssignment-resources-${CONFIGURATION}-output-files.xcfilelist",
			);
			runOnlyForDeploymentPostprocessing = 0;
			shellPath = /bin/sh;
			shellScript = "\"${PODS_ROOT}/Target Support Files/Pods-WeatherAssignment/Pods-WeatherAssignment-resources.sh\"\n";
			showEnvVarsInLog = 0;
		};
		BC5E5E44939A745136B3AD6E /* [CP] Copy Pods Resources */ = {
			isa = PBXShellScriptBuildPhase;
			buildActionMask = 2147483647;
			files = (
			);
			inputFileListPaths = (
				"${PODS_ROOT}/Target Support Files/Pods-WeatherAssignment-WeatherAssignmentUITests/Pods-WeatherAssignment-WeatherAssignmentUITests-resources-${CONFIGURATION}-input-files.xcfilelist",
			);
			name = "[CP] Copy Pods Resources";
			outputFileListPaths = (
				"${PODS_ROOT}/Target Support Files/Pods-WeatherAssignment-WeatherAssignmentUITests/Pods-WeatherAssignment-WeatherAssignmentUITests-resources-${CONFIGURATION}-output-files.xcfilelist",
			);
			runOnlyForDeploymentPostprocessing = 0;
			shellPath = /bin/sh;
			shellScript = "\"${PODS_ROOT}/Target Support Files/Pods-WeatherAssignment-WeatherAssignmentUITests/Pods-WeatherAssignment-WeatherAssignmentUITests-resources.sh\"\n";
			showEnvVarsInLog = 0;
		};
		CDBA27619CCBFD0CBF13815D /* [CP] Check Pods Manifest.lock */ = {
			isa = PBXShellScriptBuildPhase;
			buildActionMask = 2147483647;
			files = (
			);
			inputFileListPaths = (
			);
			inputPaths = (
				"${PODS_PODFILE_DIR_PATH}/Podfile.lock",
				"${PODS_ROOT}/Manifest.lock",
			);
			name = "[CP] Check Pods Manifest.lock";
			outputFileListPaths = (
			);
			outputPaths = (
				"$(DERIVED_FILE_DIR)/Pods-WeatherAssignment-checkManifestLockResult.txt",
			);
			runOnlyForDeploymentPostprocessing = 0;
			shellPath = /bin/sh;
			shellScript = "diff \"${PODS_PODFILE_DIR_PATH}/Podfile.lock\" \"${PODS_ROOT}/Manifest.lock\" > /dev/null\nif [ $? != 0 ] ; then\n    # print error to STDERR\n    echo \"error: The sandbox is not in sync with the Podfile.lock. Run 'pod install' or update your CocoaPods installation.\" >&2\n    exit 1\nfi\n# This output is used by Xcode 'outputs' to avoid re-running this script phase.\necho \"SUCCESS\" > \"${SCRIPT_OUTPUT_FILE_0}\"\n";
			showEnvVarsInLog = 0;
		};
		DC5FE3053ADEB23338472AE7 /* [CP] Check Pods Manifest.lock */ = {
			isa = PBXShellScriptBuildPhase;
			buildActionMask = 2147483647;
			files = (
			);
			inputFileListPaths = (
			);
			inputPaths = (
				"${PODS_PODFILE_DIR_PATH}/Podfile.lock",
				"${PODS_ROOT}/Manifest.lock",
			);
			name = "[CP] Check Pods Manifest.lock";
			outputFileListPaths = (
			);
			outputPaths = (
				"$(DERIVED_FILE_DIR)/Pods-WeatherAssignmentTests-checkManifestLockResult.txt",
			);
			runOnlyForDeploymentPostprocessing = 0;
			shellPath = /bin/sh;
			shellScript = "diff \"${PODS_PODFILE_DIR_PATH}/Podfile.lock\" \"${PODS_ROOT}/Manifest.lock\" > /dev/null\nif [ $? != 0 ] ; then\n    # print error to STDERR\n    echo \"error: The sandbox is not in sync with the Podfile.lock. Run 'pod install' or update your CocoaPods installation.\" >&2\n    exit 1\nfi\n# This output is used by Xcode 'outputs' to avoid re-running this script phase.\necho \"SUCCESS\" > \"${SCRIPT_OUTPUT_FILE_0}\"\n";
			showEnvVarsInLog = 0;
		};
		F2FF1E93240AFFF54A344C11 /* [CP] Check Pods Manifest.lock */ = {
			isa = PBXShellScriptBuildPhase;
			buildActionMask = 2147483647;
			files = (
			);
			inputFileListPaths = (
			);
			inputPaths = (
				"${PODS_PODFILE_DIR_PATH}/Podfile.lock",
				"${PODS_ROOT}/Manifest.lock",
			);
			name = "[CP] Check Pods Manifest.lock";
			outputFileListPaths = (
			);
			outputPaths = (
				"$(DERIVED_FILE_DIR)/Pods-WeatherAssignment-WeatherAssignmentUITests-checkManifestLockResult.txt",
			);
			runOnlyForDeploymentPostprocessing = 0;
			shellPath = /bin/sh;
			shellScript = "diff \"${PODS_PODFILE_DIR_PATH}/Podfile.lock\" \"${PODS_ROOT}/Manifest.lock\" > /dev/null\nif [ $? != 0 ] ; then\n    # print error to STDERR\n    echo \"error: The sandbox is not in sync with the Podfile.lock. Run 'pod install' or update your CocoaPods installation.\" >&2\n    exit 1\nfi\n# This output is used by Xcode 'outputs' to avoid re-running this script phase.\necho \"SUCCESS\" > \"${SCRIPT_OUTPUT_FILE_0}\"\n";
			showEnvVarsInLog = 0;
		};
/* End PBXShellScriptBuildPhase section */

/* Begin PBXSourcesBuildPhase section */
		DC02004327D4A9CE0010987D /* Sources */ = {
			isa = PBXSourcesBuildPhase;
			buildActionMask = 2147483647;
			files = (
				DC02004B27D4A9CE0010987D /* AppDelegate.swift in Sources */,
				DC02007F27D4AD340010987D /* SearchViewController.swift in Sources */,
				DC02008D27D4C5390010987D /* CurrentWeatherListViewController.swift in Sources */,
				DC9D5D7027D55AB60045D2D8 /* WeatherDetailViewController.swift in Sources */,
				DC02008B27D4BA9B0010987D /* Weather.swift in Sources */,
				DC02008127D4AD5A0010987D /* FavouritesViewController.swift in Sources */,
				DC02008427D4B90F0010987D /* API.swift in Sources */,
				DC02004D27D4A9CE0010987D /* SceneDelegate.swift in Sources */,
				DC9D5D6927D4DFC50045D2D8 /* ListTableViewCell.swift in Sources */,
			);
			runOnlyForDeploymentPostprocessing = 0;
		};
		DC02005927D4A9D30010987D /* Sources */ = {
			isa = PBXSourcesBuildPhase;
			buildActionMask = 2147483647;
			files = (
				DC02006227D4A9D30010987D /* WeatherAssignmentTests.swift in Sources */,
			);
			runOnlyForDeploymentPostprocessing = 0;
		};
		DC02006327D4A9D30010987D /* Sources */ = {
			isa = PBXSourcesBuildPhase;
			buildActionMask = 2147483647;
			files = (
				DC02006E27D4A9D30010987D /* WeatherAssignmentUITestsLaunchTests.swift in Sources */,
				DC02006C27D4A9D30010987D /* WeatherAssignmentUITests.swift in Sources */,
			);
			runOnlyForDeploymentPostprocessing = 0;
		};
/* End PBXSourcesBuildPhase section */

/* Begin PBXTargetDependency section */
		DC02005F27D4A9D30010987D /* PBXTargetDependency */ = {
			isa = PBXTargetDependency;
			target = DC02004627D4A9CE0010987D /* WeatherAssignment */;
			targetProxy = DC02005E27D4A9D30010987D /* PBXContainerItemProxy */;
		};
		DC02006927D4A9D30010987D /* PBXTargetDependency */ = {
			isa = PBXTargetDependency;
			target = DC02004627D4A9CE0010987D /* WeatherAssignment */;
			targetProxy = DC02006827D4A9D30010987D /* PBXContainerItemProxy */;
		};
/* End PBXTargetDependency section */

/* Begin PBXVariantGroup section */
		DC02005027D4A9CE0010987D /* Main.storyboard */ = {
			isa = PBXVariantGroup;
			children = (
				DC02005127D4A9CE0010987D /* Base */,
			);
			name = Main.storyboard;
			sourceTree = "<group>";
		};
		DC02005527D4A9D20010987D /* LaunchScreen.storyboard */ = {
			isa = PBXVariantGroup;
			children = (
				DC02005627D4A9D20010987D /* Base */,
			);
			name = LaunchScreen.storyboard;
			sourceTree = "<group>";
		};
/* End PBXVariantGroup section */

/* Begin XCBuildConfiguration section */
		DC02006F27D4A9D30010987D /* Debug */ = {
			isa = XCBuildConfiguration;
			buildSettings = {
				ALWAYS_SEARCH_USER_PATHS = NO;
				CLANG_ANALYZER_NONNULL = YES;
				CLANG_ANALYZER_NUMBER_OBJECT_CONVERSION = YES_AGGRESSIVE;
				CLANG_CXX_LANGUAGE_STANDARD = "gnu++17";
				CLANG_CXX_LIBRARY = "libc++";
				CLANG_ENABLE_MODULES = YES;
				CLANG_ENABLE_OBJC_ARC = YES;
				CLANG_ENABLE_OBJC_WEAK = YES;
				CLANG_WARN_BLOCK_CAPTURE_AUTORELEASING = YES;
				CLANG_WARN_BOOL_CONVERSION = YES;
				CLANG_WARN_COMMA = YES;
				CLANG_WARN_CONSTANT_CONVERSION = YES;
				CLANG_WARN_DEPRECATED_OBJC_IMPLEMENTATIONS = YES;
				CLANG_WARN_DIRECT_OBJC_ISA_USAGE = YES_ERROR;
				CLANG_WARN_DOCUMENTATION_COMMENTS = YES;
				CLANG_WARN_EMPTY_BODY = YES;
				CLANG_WARN_ENUM_CONVERSION = YES;
				CLANG_WARN_INFINITE_RECURSION = YES;
				CLANG_WARN_INT_CONVERSION = YES;
				CLANG_WARN_NON_LITERAL_NULL_CONVERSION = YES;
				CLANG_WARN_OBJC_IMPLICIT_RETAIN_SELF = YES;
				CLANG_WARN_OBJC_LITERAL_CONVERSION = YES;
				CLANG_WARN_OBJC_ROOT_CLASS = YES_ERROR;
				CLANG_WARN_QUOTED_INCLUDE_IN_FRAMEWORK_HEADER = YES;
				CLANG_WARN_RANGE_LOOP_ANALYSIS = YES;
				CLANG_WARN_STRICT_PROTOTYPES = YES;
				CLANG_WARN_SUSPICIOUS_MOVE = YES;
				CLANG_WARN_UNGUARDED_AVAILABILITY = YES_AGGRESSIVE;
				CLANG_WARN_UNREACHABLE_CODE = YES;
				CLANG_WARN__DUPLICATE_METHOD_MATCH = YES;
				COPY_PHASE_STRIP = NO;
				DEBUG_INFORMATION_FORMAT = dwarf;
				ENABLE_STRICT_OBJC_MSGSEND = YES;
				ENABLE_TESTABILITY = YES;
				GCC_C_LANGUAGE_STANDARD = gnu11;
				GCC_DYNAMIC_NO_PIC = NO;
				GCC_NO_COMMON_BLOCKS = YES;
				GCC_OPTIMIZATION_LEVEL = 0;
				GCC_PREPROCESSOR_DEFINITIONS = (
					"DEBUG=1",
					"$(inherited)",
				);
				GCC_WARN_64_TO_32_BIT_CONVERSION = YES;
				GCC_WARN_ABOUT_RETURN_TYPE = YES_ERROR;
				GCC_WARN_UNDECLARED_SELECTOR = YES;
				GCC_WARN_UNINITIALIZED_AUTOS = YES_AGGRESSIVE;
				GCC_WARN_UNUSED_FUNCTION = YES;
				GCC_WARN_UNUSED_VARIABLE = YES;
				IPHONEOS_DEPLOYMENT_TARGET = 15.2;
				MTL_ENABLE_DEBUG_INFO = INCLUDE_SOURCE;
				MTL_FAST_MATH = YES;
				ONLY_ACTIVE_ARCH = YES;
				SDKROOT = iphoneos;
				SWIFT_ACTIVE_COMPILATION_CONDITIONS = DEBUG;
				SWIFT_OPTIMIZATION_LEVEL = "-Onone";
			};
			name = Debug;
		};
		DC02007027D4A9D30010987D /* Release */ = {
			isa = XCBuildConfiguration;
			buildSettings = {
				ALWAYS_SEARCH_USER_PATHS = NO;
				CLANG_ANALYZER_NONNULL = YES;
				CLANG_ANALYZER_NUMBER_OBJECT_CONVERSION = YES_AGGRESSIVE;
				CLANG_CXX_LANGUAGE_STANDARD = "gnu++17";
				CLANG_CXX_LIBRARY = "libc++";
				CLANG_ENABLE_MODULES = YES;
				CLANG_ENABLE_OBJC_ARC = YES;
				CLANG_ENABLE_OBJC_WEAK = YES;
				CLANG_WARN_BLOCK_CAPTURE_AUTORELEASING = YES;
				CLANG_WARN_BOOL_CONVERSION = YES;
				CLANG_WARN_COMMA = YES;
				CLANG_WARN_CONSTANT_CONVERSION = YES;
				CLANG_WARN_DEPRECATED_OBJC_IMPLEMENTATIONS = YES;
				CLANG_WARN_DIRECT_OBJC_ISA_USAGE = YES_ERROR;
				CLANG_WARN_DOCUMENTATION_COMMENTS = YES;
				CLANG_WARN_EMPTY_BODY = YES;
				CLANG_WARN_ENUM_CONVERSION = YES;
				CLANG_WARN_INFINITE_RECURSION = YES;
				CLANG_WARN_INT_CONVERSION = YES;
				CLANG_WARN_NON_LITERAL_NULL_CONVERSION = YES;
				CLANG_WARN_OBJC_IMPLICIT_RETAIN_SELF = YES;
				CLANG_WARN_OBJC_LITERAL_CONVERSION = YES;
				CLANG_WARN_OBJC_ROOT_CLASS = YES_ERROR;
				CLANG_WARN_QUOTED_INCLUDE_IN_FRAMEWORK_HEADER = YES;
				CLANG_WARN_RANGE_LOOP_ANALYSIS = YES;
				CLANG_WARN_STRICT_PROTOTYPES = YES;
				CLANG_WARN_SUSPICIOUS_MOVE = YES;
				CLANG_WARN_UNGUARDED_AVAILABILITY = YES_AGGRESSIVE;
				CLANG_WARN_UNREACHABLE_CODE = YES;
				CLANG_WARN__DUPLICATE_METHOD_MATCH = YES;
				COPY_PHASE_STRIP = NO;
				DEBUG_INFORMATION_FORMAT = "dwarf-with-dsym";
				ENABLE_NS_ASSERTIONS = NO;
				ENABLE_STRICT_OBJC_MSGSEND = YES;
				GCC_C_LANGUAGE_STANDARD = gnu11;
				GCC_NO_COMMON_BLOCKS = YES;
				GCC_WARN_64_TO_32_BIT_CONVERSION = YES;
				GCC_WARN_ABOUT_RETURN_TYPE = YES_ERROR;
				GCC_WARN_UNDECLARED_SELECTOR = YES;
				GCC_WARN_UNINITIALIZED_AUTOS = YES_AGGRESSIVE;
				GCC_WARN_UNUSED_FUNCTION = YES;
				GCC_WARN_UNUSED_VARIABLE = YES;
				IPHONEOS_DEPLOYMENT_TARGET = 15.2;
				MTL_ENABLE_DEBUG_INFO = NO;
				MTL_FAST_MATH = YES;
				SDKROOT = iphoneos;
				SWIFT_COMPILATION_MODE = wholemodule;
				SWIFT_OPTIMIZATION_LEVEL = "-O";
				VALIDATE_PRODUCT = YES;
			};
			name = Release;
		};
		DC02007227D4A9D30010987D /* Debug */ = {
			isa = XCBuildConfiguration;
			baseConfigurationReference = FA8BBF1773B3ECF54722FD7D /* Pods-WeatherAssignment.debug.xcconfig */;
			buildSettings = {
				ASSETCATALOG_COMPILER_APPICON_NAME = AppIcon;
				ASSETCATALOG_COMPILER_GLOBAL_ACCENT_COLOR_NAME = AccentColor;
				CODE_SIGN_STYLE = Automatic;
				CURRENT_PROJECT_VERSION = 1;
				DEVELOPMENT_TEAM = KH3EPPXAF6;
				GENERATE_INFOPLIST_FILE = YES;
				INFOPLIST_FILE = WeatherAssignment/Info.plist;
				INFOPLIST_KEY_UIApplicationSupportsIndirectInputEvents = YES;
				INFOPLIST_KEY_UILaunchStoryboardName = LaunchScreen;
				INFOPLIST_KEY_UIMainStoryboardFile = Main;
				INFOPLIST_KEY_UISupportedInterfaceOrientations_iPad = "UIInterfaceOrientationPortrait UIInterfaceOrientationPortraitUpsideDown UIInterfaceOrientationLandscapeLeft UIInterfaceOrientationLandscapeRight";
				INFOPLIST_KEY_UISupportedInterfaceOrientations_iPhone = "UIInterfaceOrientationPortrait UIInterfaceOrientationLandscapeLeft UIInterfaceOrientationLandscapeRight";
				LD_RUNPATH_SEARCH_PATHS = (
					"$(inherited)",
					"@executable_path/Frameworks",
				);
				MARKETING_VERSION = 1.0;
				PRODUCT_BUNDLE_IDENTIFIER = "assignment-locus.WeatherAssignment";
				PRODUCT_NAME = "$(TARGET_NAME)";
				SWIFT_EMIT_LOC_STRINGS = YES;
				SWIFT_VERSION = 5.0;
				TARGETED_DEVICE_FAMILY = "1,2";
			};
			name = Debug;
		};
		DC02007327D4A9D30010987D /* Release */ = {
			isa = XCBuildConfiguration;
			baseConfigurationReference = 56ADE7484EB1BF3508867B61 /* Pods-WeatherAssignment.release.xcconfig */;
			buildSettings = {
				ASSETCATALOG_COMPILER_APPICON_NAME = AppIcon;
				ASSETCATALOG_COMPILER_GLOBAL_ACCENT_COLOR_NAME = AccentColor;
				CODE_SIGN_STYLE = Automatic;
				CURRENT_PROJECT_VERSION = 1;
				DEVELOPMENT_TEAM = KH3EPPXAF6;
				GENERATE_INFOPLIST_FILE = YES;
				INFOPLIST_FILE = WeatherAssignment/Info.plist;
				INFOPLIST_KEY_UIApplicationSupportsIndirectInputEvents = YES;
				INFOPLIST_KEY_UILaunchStoryboardName = LaunchScreen;
				INFOPLIST_KEY_UIMainStoryboardFile = Main;
				INFOPLIST_KEY_UISupportedInterfaceOrientations_iPad = "UIInterfaceOrientationPortrait UIInterfaceOrientationPortraitUpsideDown UIInterfaceOrientationLandscapeLeft UIInterfaceOrientationLandscapeRight";
				INFOPLIST_KEY_UISupportedInterfaceOrientations_iPhone = "UIInterfaceOrientationPortrait UIInterfaceOrientationLandscapeLeft UIInterfaceOrientationLandscapeRight";
				LD_RUNPATH_SEARCH_PATHS = (
					"$(inherited)",
					"@executable_path/Frameworks",
				);
				MARKETING_VERSION = 1.0;
				PRODUCT_BUNDLE_IDENTIFIER = "assignment-locus.WeatherAssignment";
				PRODUCT_NAME = "$(TARGET_NAME)";
				SWIFT_EMIT_LOC_STRINGS = YES;
				SWIFT_VERSION = 5.0;
				TARGETED_DEVICE_FAMILY = "1,2";
			};
			name = Release;
		};
		DC02007527D4A9D30010987D /* Debug */ = {
			isa = XCBuildConfiguration;
			baseConfigurationReference = 938E6BA372B40B1502B41D88 /* Pods-WeatherAssignmentTests.debug.xcconfig */;
			buildSettings = {
				ALWAYS_EMBED_SWIFT_STANDARD_LIBRARIES = YES;
				BUNDLE_LOADER = "$(TEST_HOST)";
				CODE_SIGN_STYLE = Automatic;
				CURRENT_PROJECT_VERSION = 1;
				DEVELOPMENT_TEAM = KH3EPPXAF6;
				GENERATE_INFOPLIST_FILE = YES;
				IPHONEOS_DEPLOYMENT_TARGET = 15.2;
				MARKETING_VERSION = 1.0;
				PRODUCT_BUNDLE_IDENTIFIER = "assignment-locus.WeatherAssignmentTests";
				PRODUCT_NAME = "$(TARGET_NAME)";
				SWIFT_EMIT_LOC_STRINGS = NO;
				SWIFT_VERSION = 5.0;
				TARGETED_DEVICE_FAMILY = "1,2";
				TEST_HOST = "$(BUILT_PRODUCTS_DIR)/WeatherAssignment.app/WeatherAssignment";
			};
			name = Debug;
		};
		DC02007627D4A9D30010987D /* Release */ = {
			isa = XCBuildConfiguration;
			baseConfigurationReference = 3A985FDD9302BCAE5AA490AD /* Pods-WeatherAssignmentTests.release.xcconfig */;
			buildSettings = {
				ALWAYS_EMBED_SWIFT_STANDARD_LIBRARIES = YES;
				BUNDLE_LOADER = "$(TEST_HOST)";
				CODE_SIGN_STYLE = Automatic;
				CURRENT_PROJECT_VERSION = 1;
				DEVELOPMENT_TEAM = KH3EPPXAF6;
				GENERATE_INFOPLIST_FILE = YES;
				IPHONEOS_DEPLOYMENT_TARGET = 15.2;
				MARKETING_VERSION = 1.0;
				PRODUCT_BUNDLE_IDENTIFIER = "assignment-locus.WeatherAssignmentTests";
				PRODUCT_NAME = "$(TARGET_NAME)";
				SWIFT_EMIT_LOC_STRINGS = NO;
				SWIFT_VERSION = 5.0;
				TARGETED_DEVICE_FAMILY = "1,2";
				TEST_HOST = "$(BUILT_PRODUCTS_DIR)/WeatherAssignment.app/WeatherAssignment";
			};
			name = Release;
		};
		DC02007827D4A9D30010987D /* Debug */ = {
			isa = XCBuildConfiguration;
			baseConfigurationReference = B2D9BA32EDDEC2CD09F25BEF /* Pods-WeatherAssignment-WeatherAssignmentUITests.debug.xcconfig */;
			buildSettings = {
				ALWAYS_EMBED_SWIFT_STANDARD_LIBRARIES = YES;
				CODE_SIGN_STYLE = Automatic;
				CURRENT_PROJECT_VERSION = 1;
				DEVELOPMENT_TEAM = KH3EPPXAF6;
				GENERATE_INFOPLIST_FILE = YES;
				MARKETING_VERSION = 1.0;
				PRODUCT_BUNDLE_IDENTIFIER = "assignment-locus.WeatherAssignmentUITests";
				PRODUCT_NAME = "$(TARGET_NAME)";
				SWIFT_EMIT_LOC_STRINGS = NO;
				SWIFT_VERSION = 5.0;
				TARGETED_DEVICE_FAMILY = "1,2";
				TEST_TARGET_NAME = WeatherAssignment;
			};
			name = Debug;
		};
		DC02007927D4A9D30010987D /* Release */ = {
			isa = XCBuildConfiguration;
			baseConfigurationReference = 534CC165414626DAFBBCC5D1 /* Pods-WeatherAssignment-WeatherAssignmentUITests.release.xcconfig */;
			buildSettings = {
				ALWAYS_EMBED_SWIFT_STANDARD_LIBRARIES = YES;
				CODE_SIGN_STYLE = Automatic;
				CURRENT_PROJECT_VERSION = 1;
				DEVELOPMENT_TEAM = KH3EPPXAF6;
				GENERATE_INFOPLIST_FILE = YES;
				MARKETING_VERSION = 1.0;
				PRODUCT_BUNDLE_IDENTIFIER = "assignment-locus.WeatherAssignmentUITests";
				PRODUCT_NAME = "$(TARGET_NAME)";
				SWIFT_EMIT_LOC_STRINGS = NO;
				SWIFT_VERSION = 5.0;
				TARGETED_DEVICE_FAMILY = "1,2";
				TEST_TARGET_NAME = WeatherAssignment;
			};
			name = Release;
		};
/* End XCBuildConfiguration section */

/* Begin XCConfigurationList section */
		DC02004227D4A9CE0010987D /* Build configuration list for PBXProject "WeatherAssignment" */ = {
			isa = XCConfigurationList;
			buildConfigurations = (
				DC02006F27D4A9D30010987D /* Debug */,
				DC02007027D4A9D30010987D /* Release */,
			);
			defaultConfigurationIsVisible = 0;
			defaultConfigurationName = Release;
		};
		DC02007127D4A9D30010987D /* Build configuration list for PBXNativeTarget "WeatherAssignment" */ = {
			isa = XCConfigurationList;
			buildConfigurations = (
				DC02007227D4A9D30010987D /* Debug */,
				DC02007327D4A9D30010987D /* Release */,
			);
			defaultConfigurationIsVisible = 0;
			defaultConfigurationName = Release;
		};
		DC02007427D4A9D30010987D /* Build configuration list for PBXNativeTarget "WeatherAssignmentTests" */ = {
			isa = XCConfigurationList;
			buildConfigurations = (
				DC02007527D4A9D30010987D /* Debug */,
				DC02007627D4A9D30010987D /* Release */,
			);
			defaultConfigurationIsVisible = 0;
			defaultConfigurationName = Release;
		};
		DC02007727D4A9D30010987D /* Build configuration list for PBXNativeTarget "WeatherAssignmentUITests" */ = {
			isa = XCConfigurationList;
			buildConfigurations = (
				DC02007827D4A9D30010987D /* Debug */,
				DC02007927D4A9D30010987D /* Release */,
			);
			defaultConfigurationIsVisible = 0;
			defaultConfigurationName = Release;
		};
/* End XCConfigurationList section */
	};
	rootObject = DC02003F27D4A9CE0010987D /* Project object */;
}
